// !$*UTF8*$!
{
	archiveVersion = 1;
	classes = {
	};
	objectVersion = 48;
	objects = {

/* Begin PBXBuildFile section */
		4B4A70FA200F588D00E6B531 /* AppDelegate.swift in Sources */ = {isa = PBXBuildFile; fileRef = 4B4A70F9200F588D00E6B531 /* AppDelegate.swift */; };
		4B4A70FC200F588D00E6B531 /* ViewController.swift in Sources */ = {isa = PBXBuildFile; fileRef = 4B4A70FB200F588D00E6B531 /* ViewController.swift */; };
		4B4A70FF200F588D00E6B531 /* Main.storyboard in Resources */ = {isa = PBXBuildFile; fileRef = 4B4A70FD200F588D00E6B531 /* Main.storyboard */; };
		4B4A7101200F588D00E6B531 /* Assets.xcassets in Resources */ = {isa = PBXBuildFile; fileRef = 4B4A7100200F588D00E6B531 /* Assets.xcassets */; };
		4B4A7104200F588D00E6B531 /* LaunchScreen.storyboard in Resources */ = {isa = PBXBuildFile; fileRef = 4B4A7102200F588D00E6B531 /* LaunchScreen.storyboard */; };
		4B4A710C200F5BAD00E6B531 /* MenuViewController.swift in Sources */ = {isa = PBXBuildFile; fileRef = 4B4A710B200F5BAD00E6B531 /* MenuViewController.swift */; };
		4B4A710E200F5BF600E6B531 /* MenuTableViewCell.swift in Sources */ = {isa = PBXBuildFile; fileRef = 4B4A710D200F5BF600E6B531 /* MenuTableViewCell.swift */; };
		4B4A7114200F725400E6B531 /* myTableViewController.swift in Sources */ = {isa = PBXBuildFile; fileRef = 4B4A7113200F725400E6B531 /* myTableViewController.swift */; };
/* End PBXBuildFile section */

/* Begin PBXFileReference section */
		4B4A70F6200F588D00E6B531 /* SlideMenu 3.app */ = {isa = PBXFileReference; explicitFileType = wrapper.application; includeInIndex = 0; path = "SlideMenu 3.app"; sourceTree = BUILT_PRODUCTS_DIR; };
		4B4A70F9200F588D00E6B531 /* AppDelegate.swift */ = {isa = PBXFileReference; lastKnownFileType = sourcecode.swift; path = AppDelegate.swift; sourceTree = "<group>"; };
		4B4A70FB200F588D00E6B531 /* ViewController.swift */ = {isa = PBXFileReference; lastKnownFileType = sourcecode.swift; path = ViewController.swift; sourceTree = "<group>"; };
		4B4A70FE200F588D00E6B531 /* Base */ = {isa = PBXFileReference; lastKnownFileType = file.storyboard; name = Base; path = Base.lproj/Main.storyboard; sourceTree = "<group>"; };
		4B4A7100200F588D00E6B531 /* Assets.xcassets */ = {isa = PBXFileReference; lastKnownFileType = folder.assetcatalog; path = Assets.xcassets; sourceTree = "<group>"; };
		4B4A7103200F588D00E6B531 /* Base */ = {isa = PBXFileReference; lastKnownFileType = file.storyboard; name = Base; path = Base.lproj/LaunchScreen.storyboard; sourceTree = "<group>"; };
		4B4A7105200F588D00E6B531 /* Info.plist */ = {isa = PBXFileReference; lastKnownFileType = text.plist.xml; path = Info.plist; sourceTree = "<group>"; };
		4B4A710B200F5BAD00E6B531 /* MenuViewController.swift */ = {isa = PBXFileReference; lastKnownFileType = sourcecode.swift; path = MenuViewController.swift; sourceTree = "<group>"; };
		4B4A710D200F5BF600E6B531 /* MenuTableViewCell.swift */ = {isa = PBXFileReference; lastKnownFileType = sourcecode.swift; path = MenuTableViewCell.swift; sourceTree = "<group>"; };
		4B4A7113200F725400E6B531 /* myTableViewController.swift */ = {isa = PBXFileReference; lastKnownFileType = sourcecode.swift; path = myTableViewController.swift; sourceTree = "<group>"; };
/* End PBXFileReference section */

/* Begin PBXFrameworksBuildPhase section */
		4B4A70F3200F588D00E6B531 /* Frameworks */ = {
			isa = PBXFrameworksBuildPhase;
			buildActionMask = 2147483647;
			files = (
			);
			runOnlyForDeploymentPostprocessing = 0;
		};
/* End PBXFrameworksBuildPhase section */

/* Begin PBXGroup section */
		4B4A70ED200F588D00E6B531 = {
			isa = PBXGroup;
			children = (
				4B4A70F8200F588D00E6B531 /* SlideMenu 3 */,
				4B4A70F7200F588D00E6B531 /* Products */,
			);
			sourceTree = "<group>";
		};
		4B4A70F7200F588D00E6B531 /* Products */ = {
			isa = PBXGroup;
			children = (
				4B4A70F6200F588D00E6B531 /* SlideMenu 3.app */,
			);
			name = Products;
			sourceTree = "<group>";
		};
		4B4A70F8200F588D00E6B531 /* SlideMenu 3 */ = {
			isa = PBXGroup;
			children = (
				4B4A70F9200F588D00E6B531 /* AppDelegate.swift */,
				4B4A70FB200F588D00E6B531 /* ViewController.swift */,
				4B4A710B200F5BAD00E6B531 /* MenuViewController.swift */,
				4B4A710D200F5BF600E6B531 /* MenuTableViewCell.swift */,
				4B4A7113200F725400E6B531 /* myTableViewController.swift */,
				4B4A70FD200F588D00E6B531 /* Main.storyboard */,
				4B4A7100200F588D00E6B531 /* Assets.xcassets */,
				4B4A7102200F588D00E6B531 /* LaunchScreen.storyboard */,
				4B4A7105200F588D00E6B531 /* Info.plist */,
			);
			path = "SlideMenu 3";
			sourceTree = "<group>";
		};
/* End PBXGroup section */

/* Begin PBXNativeTarget section */
		4B4A70F5200F588D00E6B531 /* SlideMenu 3 */ = {
			isa = PBXNativeTarget;
			buildConfigurationList = 4B4A7108200F588D00E6B531 /* Build configuration list for PBXNativeTarget "SlideMenu 3" */;
			buildPhases = (
				4B4A70F2200F588D00E6B531 /* Sources */,
				4B4A70F3200F588D00E6B531 /* Frameworks */,
				4B4A70F4200F588D00E6B531 /* Resources */,
			);
			buildRules = (
			);
			dependencies = (
			);
			name = "SlideMenu 3";
			productName = "SlideMenu 3";
			productReference = 4B4A70F6200F588D00E6B531 /* SlideMenu 3.app */;
			productType = "com.apple.product-type.application";
		};
/* End PBXNativeTarget section */

/* Begin PBXProject section */
		4B4A70EE200F588D00E6B531 /* Project object */ = {
			isa = PBXProject;
			attributes = {
				LastSwiftUpdateCheck = 0920;
				LastUpgradeCheck = 0920;
				ORGANIZATIONNAME = Nikhil;
				TargetAttributes = {
					4B4A70F5200F588D00E6B531 = {
						CreatedOnToolsVersion = 9.2;
						ProvisioningStyle = Automatic;
					};
				};
			};
			buildConfigurationList = 4B4A70F1200F588D00E6B531 /* Build configuration list for PBXProject "SlideMenu 3" */;
			compatibilityVersion = "Xcode 8.0";
			developmentRegion = en;
			hasScannedForEncodings = 0;
			knownRegions = (
				en,
				Base,
			);
			mainGroup = 4B4A70ED200F588D00E6B531;
			productRefGroup = 4B4A70F7200F588D00E6B531 /* Products */;
			projectDirPath = "";
			projectRoot = "";
			targets = (
				4B4A70F5200F588D00E6B531 /* SlideMenu 3 */,
			);
		};
/* End PBXProject section */

/* Begin PBXResourcesBuildPhase section */
		4B4A70F4200F588D00E6B531 /* Resources */ = {
			isa = PBXResourcesBuildPhase;
			buildActionMask = 2147483647;
			files = (
				4B4A7104200F588D00E6B531 /* LaunchScreen.storyboard in Resources */,
				4B4A7101200F588D00E6B531 /* Assets.xcassets in Resources */,
				4B4A70FF200F588D00E6B531 /* Main.storyboard in Resources */,
			);
			runOnlyForDeploymentPostprocessing = 0;
		};
/* End PBXResourcesBuildPhase section */

/* Begin PBXSourcesBuildPhase section */
		4B4A70F2200F588D00E6B531 /* Sources */ = {
			isa = PBXSourcesBuildPhase;
			buildActionMask = 2147483647;
			files = (
				4B4A7114200F725400E6B531 /* myTableViewController.swift in Sources */,
				4B4A70FC200F588D00E6B531 /* ViewController.swift in Sources */,
				4B4A710C200F5BAD00E6B531 /* MenuViewController.swift in Sources */,
				4B4A710E200F5BF600E6B531 /* MenuTableViewCell.swift in Sources */,
				4B4A70FA200F588D00E6B531 /* AppDelegate.swift in Sources */,
			);
			runOnlyForDeploymentPostprocessing = 0;
		};
/* End PBXSourcesBuildPhase section */

/* Begin PBXVariantGroup section */
		4B4A70FD200F588D00E6B531 /* Main.storyboard */ = {
			isa = PBXVariantGroup;
			children = (
				4B4A70FE200F588D00E6B531 /* Base */,
			);
			name = Main.storyboard;
			sourceTree = "<group>";
		};
		4B4A7102200F588D00E6B531 /* LaunchScreen.storyboard */ = {
			isa = PBXVariantGroup;
			children = (
				4B4A7103200F588D00E6B531 /* Base */,
			);
			name = LaunchScreen.storyboard;
			sourceTree = "<group>";
		};
/* End PBXVariantGroup section */

/* Begin XCBuildConfiguration section */
		4B4A7106200F588D00E6B531 /* Debug */ = {
			isa = XCBuildConfiguration;
			buildSettings = {
				ALWAYS_SEARCH_USER_PATHS = NO;
				CLANG_ANALYZER_NONNULL = YES;
				CLANG_ANALYZER_NUMBER_OBJECT_CONVERSION = YES_AGGRESSIVE;
				CLANG_CXX_LANGUAGE_STANDARD = "gnu++14";
				CLANG_CXX_LIBRARY = "libc++";
				CLANG_ENABLE_MODULES = YES;
				CLANG_ENABLE_OBJC_ARC = YES;
				CLANG_WARN_BLOCK_CAPTURE_AUTORELEASING = YES;
				CLANG_WARN_BOOL_CONVERSION = YES;
				CLANG_WARN_COMMA = YES;
				CLANG_WARN_CONSTANT_CONVERSION = YES;
				CLANG_WARN_DIRECT_OBJC_ISA_USAGE = YES_ERROR;
				CLANG_WARN_DOCUMENTATION_COMMENTS = YES;
				CLANG_WARN_EMPTY_BODY = YES;
				CLANG_WARN_ENUM_CONVERSION = YES;
				CLANG_WARN_INFINITE_RECURSION = YES;
				CLANG_WARN_INT_CONVERSION = YES;
				CLANG_WARN_NON_LITERAL_NULL_CONVERSION = YES;
				CLANG_WARN_OBJC_LITERAL_CONVERSION = YES;
				CLANG_WARN_OBJC_ROOT_CLASS = YES_ERROR;
				CLANG_WARN_RANGE_LOOP_ANALYSIS = YES;
				CLANG_WARN_STRICT_PROTOTYPES = YES;
				CLANG_WARN_SUSPICIOUS_MOVE = YES;
				CLANG_WARN_UNGUARDED_AVAILABILITY = YES_AGGRESSIVE;
				CLANG_WARN_UNREACHABLE_CODE = YES;
				CLANG_WARN__DUPLICATE_METHOD_MATCH = YES;
				CODE_SIGN_IDENTITY = "iPhone Developer";
				COPY_PHASE_STRIP = NO;
				DEBUG_INFORMATION_FORMAT = dwarf;
				ENABLE_STRICT_OBJC_MSGSEND = YES;
				ENABLE_TESTABILITY = YES;
				GCC_C_LANGUAGE_STANDARD = gnu11;
				GCC_DYNAMIC_NO_PIC = NO;
				GCC_NO_COMMON_BLOCKS = YES;
				GCC_OPTIMIZATION_LEVEL = 0;
				GCC_PREPROCESSOR_DEFINITIONS = (
					"DEBUG=1",
					"$(inherited)",
				);
				GCC_WARN_64_TO_32_BIT_CONVERSION = YES;
				GCC_WARN_ABOUT_RETURN_TYPE = YES_ERROR;
				GCC_WARN_UNDECLARED_SELECTOR = YES;
				GCC_WARN_UNINITIALIZED_AUTOS = YES_AGGRESSIVE;
				GCC_WARN_UNUSED_FUNCTION = YES;
				GCC_WARN_UNUSED_VARIABLE = YES;
				IPHONEOS_DEPLOYMENT_TARGET = 11.2;
				MTL_ENABLE_DEBUG_INFO = YES;
				ONLY_ACTIVE_ARCH = YES;
				SDKROOT = iphoneos;
				SWIFT_ACTIVE_COMPILATION_CONDITIONS = DEBUG;
				SWIFT_OPTIMIZATION_LEVEL = "-Onone";
			};
			name = Debug;
		};
		4B4A7107200F588D00E6B531 /* Release */ = {
			isa = XCBuildConfiguration;
			buildSettings = {
				ALWAYS_SEARCH_USER_PATHS = NO;
				CLANG_ANALYZER_NONNULL = YES;
				CLANG_ANALYZER_NUMBER_OBJECT_CONVERSION = YES_AGGRESSIVE;
				CLANG_CXX_LANGUAGE_STANDARD = "gnu++14";
				CLANG_CXX_LIBRARY = "libc++";
				CLANG_ENABLE_MODULES = YES;
				CLANG_ENABLE_OBJC_ARC = YES;
				CLANG_WARN_BLOCK_CAPTURE_AUTORELEASING = YES;
				CLANG_WARN_BOOL_CONVERSION = YES;
				CLANG_WARN_COMMA = YES;
				CLANG_WARN_CONSTANT_CONVERSION = YES;
				CLANG_WARN_DIRECT_OBJC_ISA_USAGE = YES_ERROR;
				CLANG_WARN_DOCUMENTATION_COMMENTS = YES;
				CLANG_WARN_EMPTY_BODY = YES;
				CLANG_WARN_ENUM_CONVERSION = YES;
				CLANG_WARN_INFINITE_RECURSION = YES;
				CLANG_WARN_INT_CONVERSION = YES;
				CLANG_WARN_NON_LITERAL_NULL_CONVERSION = YES;
				CLANG_WARN_OBJC_LITERAL_CONVERSION = YES;
				CLANG_WARN_OBJC_ROOT_CLASS = YES_ERROR;
				CLANG_WARN_RANGE_LOOP_ANALYSIS = YES;
				CLANG_WARN_STRICT_PROTOTYPES = YES;
				CLANG_WARN_SUSPICIOUS_MOVE = YES;
				CLANG_WARN_UNGUARDED_AVAILABILITY = YES_AGGRESSIVE;
				CLANG_WARN_UNREACHABLE_CODE = YES;
				CLANG_WARN__DUPLICATE_METHOD_MATCH = YES;
				CODE_SIGN_IDENTITY = "iPhone Developer";
				COPY_PHASE_STRIP = NO;
				DEBUG_INFORMATION_FORMAT = "dwarf-with-dsym";
				ENABLE_NS_ASSERTIONS = NO;
				ENABLE_STRICT_OBJC_MSGSEND = YES;
				GCC_C_LANGUAGE_STANDARD = gnu11;
				GCC_NO_COMMON_BLOCKS = YES;
				GCC_WARN_64_TO_32_BIT_CONVERSION = YES;
				GCC_WARN_ABOUT_RETURN_TYPE = YES_ERROR;
				GCC_WARN_UNDECLARED_SELECTOR = YES;
				GCC_WARN_UNINITIALIZED_AUTOS = YES_AGGRESSIVE;
				GCC_WARN_UNUSED_FUNCTION = YES;
				GCC_WARN_UNUSED_VARIABLE = YES;
				IPHONEOS_DEPLOYMENT_TARGET = 11.2;
				MTL_ENABLE_DEBUG_INFO = NO;
				SDKROOT = iphoneos;
				SWIFT_OPTIMIZATION_LEVEL = "-Owholemodule";
				VALIDATE_PRODUCT = YES;
			};
			name = Release;
		};
		4B4A7109200F588D00E6B531 /* Debug */ = {
			isa = XCBuildConfiguration;
			buildSettings = {
				ASSETCATALOG_COMPILER_APPICON_NAME = AppIcon;
				CODE_SIGN_STYLE = Automatic;
				INFOPLIST_FILE = "SlideMenu 3/Info.plist";
				LD_RUNPATH_SEARCH_PATHS = "$(inherited) @executable_path/Frameworks";
				PRODUCT_BUNDLE_IDENTIFIER = "com.scl.SlideMenu-3";
				PRODUCT_NAME = "$(TARGET_NAME)";
				SWIFT_VERSION = 4.0;
				TARGETED_DEVICE_FAMILY = "1,2";
			};
			name = Debug;
		};
		4B4A710A200F588D00E6B531 /* Release */ = {
			isa = XCBuildConfiguration;
			buildSettings = {
				ASSETCATALOG_COMPILER_APPICON_NAME = AppIcon;
				CODE_SIGN_STYLE = Automatic;
				INFOPLIST_FILE = "SlideMenu 3/Info.plist";
				LD_RUNPATH_SEARCH_PATHS = "$(inherited) @executable_path/Frameworks";
				PRODUCT_BUNDLE_IDENTIFIER = "com.scl.SlideMenu-3";
				PRODUCT_NAME = "$(TARGET_NAME)";
				SWIFT_VERSION = 4.0;
				TARGETED_DEVICE_FAMILY = "1,2";
			};
			name = Release;
		};
/* End XCBuildConfiguration section */

/* Begin XCConfigurationList section */
		4B4A70F1200F588D00E6B531 /* Build configuration list for PBXProject "SlideMenu 3" */ = {
			isa = XCConfigurationList;
			buildConfigurations = (
				4B4A7106200F588D00E6B531 /* Debug */,
				4B4A7107200F588D00E6B531 /* Release */,
			);
			defaultConfigurationIsVisible = 0;
			defaultConfigurationName = Release;
		};
		4B4A7108200F588D00E6B531 /* Build configuration list for PBXNativeTarget "SlideMenu 3" */ = {
			isa = XCConfigurationList;
			buildConfigurations = (
				4B4A7109200F588D00E6B531 /* Debug */,
				4B4A710A200F588D00E6B531 /* Release */,
			);
			defaultConfigurationIsVisible = 0;
			defaultConfigurationName = Release;
		};
/* End XCConfigurationList section */
	};
	rootObject = 4B4A70EE200F588D00E6B531 /* Project object */;
}
